
Microsoft Visual Studio Solution File, Format Version 12.00
# Visual Studio Version 17
VisualStudioVersion = 17.2.32630.192
MinimumVisualStudioVersion = 10.0.40219.1
Project("{FAE04EC0-301F-11D3-BF4B-00C04F79EFBC}") = "Working With Abstraction", "Working With Abstraction\Working With Abstraction.csproj", "{C382F6A2-F6CD-4F17-9342-EBB1DE9F84DD}"
EndProject
Global
	GlobalSection(SolutionConfigurationPlatforms) = preSolution
		Debug|Any CPU = Debug|Any CPU
		Release|Any CPU = Release|Any CPU
	EndGlobalSection
	GlobalSection(ProjectConfigurationPlatforms) = postSolution
		{C382F6A2-F6CD-4F17-9342-EBB1DE9F84DD}.Debug|Any CPU.ActiveCfg = Debug|Any CPU
		{C382F6A2-F6CD-4F17-9342-EBB1DE9F84DD}.Debug|Any CPU.Build.0 = Debug|Any CPU
		{C382F6A2-F6CD-4F17-9342-EBB1DE9F84DD}.Release|Any CPU.ActiveCfg = Release|Any CPU
		{C382F6A2-F6CD-4F17-9342-EBB1DE9F84DD}.Release|Any CPU.Build.0 = Release|Any CPU
	EndGlobalSection
	GlobalSection(SolutionProperties) = preSolution
		HideSolutionNode = FALSE
	EndGlobalSection
	GlobalSection(ExtensibilityGlobals) = postSolution
		SolutionGuid = {1707FFD8-B7F6-4B58-96DD-28BA7CCC90A7}
	EndGlobalSection
EndGlobal
